<?xml version="1.0" encoding="utf-8"?>
<Project ToolsVersion="17.0" xmlns="http://schemas.microsoft.com/developer/msbuild/2003">
  <ItemGroup>
    <CustomBuild Include="G:\dev\portfolio\c++\golden_leaf_coin\build-win32\CMakeFiles\703849a1ad7f4402a0b50bcb03ee02cb\INSTALL_force.rule">
      <Filter>CMake Rules</Filter>
    </CustomBuild>
  </ItemGroup>
  <ItemGroup>
    <Filter Include="CMake Rules">
      <UniqueIdentifier>{7E9F8407-D600-3BF8-812B-2CF6EC2079EE}</UniqueIdentifier>
    </Filter>
  </ItemGroup>
</Project>
