<?xml version="1.0" encoding="utf-8"?>
<Project ToolsVersion="17.0" xmlns="http://schemas.microsoft.com/developer/msbuild/2003">
  <ItemGroup>
    <ClInclude Include="G:\dev\portfolio\c++\golden_leaf_coin\externallibs\string_interpolation\include\string_interpolation.h">
      <Filter>Header Files</Filter>
    </ClInclude>
  </ItemGroup>
  <ItemGroup>
    <CustomBuild Include="G:\dev\portfolio\c++\golden_leaf_coin\externallibs\string_interpolation\CMakeLists.txt" />
  </ItemGroup>
  <ItemGroup>
    <Filter Include="Header Files">
      <UniqueIdentifier>{A4F4168F-81CD-3D03-A246-B7AA859244F5}</UniqueIdentifier>
    </Filter>
  </ItemGroup>
</Project>
