
Microsoft Visual Studio Solution File, Format Version 12.00
# Visual Studio Version 17
Project("{8BC9CEB8-8B4A-11D0-8D11-00A0C91BC942}") = "ALL_BUILD", "ALL_BUILD.vcxproj", "{5B317C8B-6940-3D3D-8F55-AF1E84F53BCD}"
	ProjectSection(ProjectDependencies) = postProject
		{6E0BF922-34F1-3917-9F9B-A38967CCBD11} = {6E0BF922-34F1-3917-9F9B-A38967CCBD11}
		{C6148946-A603-3C67-A6BC-4E4A924C2CCA} = {C6148946-A603-3C67-A6BC-4E4A924C2CCA}
		{02FD4AAD-896E-33D6-9AA8-114CBEA1EE51} = {02FD4AAD-896E-33D6-9AA8-114CBEA1EE51}
	EndProjectSection
EndProject
Project("{8BC9CEB8-8B4A-11D0-8D11-00A0C91BC942}") = "INSTALL", "INSTALL.vcxproj", "{0123B431-0627-3180-BD94-A59651B90A8B}"
	ProjectSection(ProjectDependencies) = postProject
		{5B317C8B-6940-3D3D-8F55-AF1E84F53BCD} = {5B317C8B-6940-3D3D-8F55-AF1E84F53BCD}
		{6E0BF922-34F1-3917-9F9B-A38967CCBD11} = {6E0BF922-34F1-3917-9F9B-A38967CCBD11}
	EndProjectSection
EndProject
Project("{8BC9CEB8-8B4A-11D0-8D11-00A0C91BC942}") = "PACKAGE", "PACKAGE.vcxproj", "{7A4FABFA-B990-3C8B-91C0-8A5FE3A5B751}"
	ProjectSection(ProjectDependencies) = postProject
		{5B317C8B-6940-3D3D-8F55-AF1E84F53BCD} = {5B317C8B-6940-3D3D-8F55-AF1E84F53BCD}
		{6E0BF922-34F1-3917-9F9B-A38967CCBD11} = {6E0BF922-34F1-3917-9F9B-A38967CCBD11}
	EndProjectSection
EndProject
Project("{8BC9CEB8-8B4A-11D0-8D11-00A0C91BC942}") = "ZERO_CHECK", "ZERO_CHECK.vcxproj", "{6E0BF922-34F1-3917-9F9B-A38967CCBD11}"
	ProjectSection(ProjectDependencies) = postProject
	EndProjectSection
EndProject
Project("{8BC9CEB8-8B4A-11D0-8D11-00A0C91BC942}") = "golden_leaf_coin", "golden_leaf_coin.vcxproj", "{C6148946-A603-3C67-A6BC-4E4A924C2CCA}"
	ProjectSection(ProjectDependencies) = postProject
		{6E0BF922-34F1-3917-9F9B-A38967CCBD11} = {6E0BF922-34F1-3917-9F9B-A38967CCBD11}
	EndProjectSection
EndProject
Project("{8BC9CEB8-8B4A-11D0-8D11-00A0C91BC942}") = "string_interpolation", "externallibs\string_interpolation\string_interpolation.vcxproj", "{02FD4AAD-896E-33D6-9AA8-114CBEA1EE51}"
	ProjectSection(ProjectDependencies) = postProject
		{6E0BF922-34F1-3917-9F9B-A38967CCBD11} = {6E0BF922-34F1-3917-9F9B-A38967CCBD11}
	EndProjectSection
EndProject
Global
	GlobalSection(SolutionConfigurationPlatforms) = preSolution
		Debug|x64 = Debug|x64
		Release|x64 = Release|x64
		MinSizeRel|x64 = MinSizeRel|x64
		RelWithDebInfo|x64 = RelWithDebInfo|x64
	EndGlobalSection
	GlobalSection(ProjectConfigurationPlatforms) = postSolution
		{5B317C8B-6940-3D3D-8F55-AF1E84F53BCD}.Debug|x64.ActiveCfg = Debug|x64
		{5B317C8B-6940-3D3D-8F55-AF1E84F53BCD}.Debug|x64.Build.0 = Debug|x64
		{5B317C8B-6940-3D3D-8F55-AF1E84F53BCD}.Release|x64.ActiveCfg = Release|x64
		{5B317C8B-6940-3D3D-8F55-AF1E84F53BCD}.Release|x64.Build.0 = Release|x64
		{5B317C8B-6940-3D3D-8F55-AF1E84F53BCD}.MinSizeRel|x64.ActiveCfg = MinSizeRel|x64
		{5B317C8B-6940-3D3D-8F55-AF1E84F53BCD}.MinSizeRel|x64.Build.0 = MinSizeRel|x64
		{5B317C8B-6940-3D3D-8F55-AF1E84F53BCD}.RelWithDebInfo|x64.ActiveCfg = RelWithDebInfo|x64
		{5B317C8B-6940-3D3D-8F55-AF1E84F53BCD}.RelWithDebInfo|x64.Build.0 = RelWithDebInfo|x64
		{0123B431-0627-3180-BD94-A59651B90A8B}.Debug|x64.ActiveCfg = Debug|x64
		{0123B431-0627-3180-BD94-A59651B90A8B}.Release|x64.ActiveCfg = Release|x64
		{0123B431-0627-3180-BD94-A59651B90A8B}.MinSizeRel|x64.ActiveCfg = MinSizeRel|x64
		{0123B431-0627-3180-BD94-A59651B90A8B}.RelWithDebInfo|x64.ActiveCfg = RelWithDebInfo|x64
		{7A4FABFA-B990-3C8B-91C0-8A5FE3A5B751}.Debug|x64.ActiveCfg = Debug|x64
		{7A4FABFA-B990-3C8B-91C0-8A5FE3A5B751}.Release|x64.ActiveCfg = Release|x64
		{7A4FABFA-B990-3C8B-91C0-8A5FE3A5B751}.MinSizeRel|x64.ActiveCfg = MinSizeRel|x64
		{7A4FABFA-B990-3C8B-91C0-8A5FE3A5B751}.RelWithDebInfo|x64.ActiveCfg = RelWithDebInfo|x64
		{6E0BF922-34F1-3917-9F9B-A38967CCBD11}.Debug|x64.ActiveCfg = Debug|x64
		{6E0BF922-34F1-3917-9F9B-A38967CCBD11}.Debug|x64.Build.0 = Debug|x64
		{6E0BF922-34F1-3917-9F9B-A38967CCBD11}.Release|x64.ActiveCfg = Release|x64
		{6E0BF922-34F1-3917-9F9B-A38967CCBD11}.Release|x64.Build.0 = Release|x64
		{6E0BF922-34F1-3917-9F9B-A38967CCBD11}.MinSizeRel|x64.ActiveCfg = MinSizeRel|x64
		{6E0BF922-34F1-3917-9F9B-A38967CCBD11}.MinSizeRel|x64.Build.0 = MinSizeRel|x64
		{6E0BF922-34F1-3917-9F9B-A38967CCBD11}.RelWithDebInfo|x64.ActiveCfg = RelWithDebInfo|x64
		{6E0BF922-34F1-3917-9F9B-A38967CCBD11}.RelWithDebInfo|x64.Build.0 = RelWithDebInfo|x64
		{C6148946-A603-3C67-A6BC-4E4A924C2CCA}.Debug|x64.ActiveCfg = Debug|x64
		{C6148946-A603-3C67-A6BC-4E4A924C2CCA}.Debug|x64.Build.0 = Debug|x64
		{C6148946-A603-3C67-A6BC-4E4A924C2CCA}.Release|x64.ActiveCfg = Release|x64
		{C6148946-A603-3C67-A6BC-4E4A924C2CCA}.Release|x64.Build.0 = Release|x64
		{C6148946-A603-3C67-A6BC-4E4A924C2CCA}.MinSizeRel|x64.ActiveCfg = MinSizeRel|x64
		{C6148946-A603-3C67-A6BC-4E4A924C2CCA}.MinSizeRel|x64.Build.0 = MinSizeRel|x64
		{C6148946-A603-3C67-A6BC-4E4A924C2CCA}.RelWithDebInfo|x64.ActiveCfg = RelWithDebInfo|x64
		{C6148946-A603-3C67-A6BC-4E4A924C2CCA}.RelWithDebInfo|x64.Build.0 = RelWithDebInfo|x64
		{02FD4AAD-896E-33D6-9AA8-114CBEA1EE51}.Debug|x64.ActiveCfg = Debug|x64
		{02FD4AAD-896E-33D6-9AA8-114CBEA1EE51}.Debug|x64.Build.0 = Debug|x64
		{02FD4AAD-896E-33D6-9AA8-114CBEA1EE51}.Release|x64.ActiveCfg = Release|x64
		{02FD4AAD-896E-33D6-9AA8-114CBEA1EE51}.Release|x64.Build.0 = Release|x64
		{02FD4AAD-896E-33D6-9AA8-114CBEA1EE51}.MinSizeRel|x64.ActiveCfg = MinSizeRel|x64
		{02FD4AAD-896E-33D6-9AA8-114CBEA1EE51}.MinSizeRel|x64.Build.0 = MinSizeRel|x64
		{02FD4AAD-896E-33D6-9AA8-114CBEA1EE51}.RelWithDebInfo|x64.ActiveCfg = RelWithDebInfo|x64
		{02FD4AAD-896E-33D6-9AA8-114CBEA1EE51}.RelWithDebInfo|x64.Build.0 = RelWithDebInfo|x64
	EndGlobalSection
	GlobalSection(ExtensibilityGlobals) = postSolution
		SolutionGuid = {974B9886-C346-3749-9D73-D2F9F912C031}
	EndGlobalSection
	GlobalSection(ExtensibilityAddIns) = postSolution
	EndGlobalSection
EndGlobal
